{
  "requires": true,
  "lockfileVersion": 1,
  "dependencies": {
    "@types/node": {
      "version": "12.12.42",
      "resolved": "https://registry.npm.taobao.org/@types/node/download/@types/node-12.12.42.tgz?cache=0&sync_timestamp=1590092219164&other_urls=https%3A%2F%2Fregistry.npm.taobao.org%2F%40types%2Fnode%2Fdownload%2F%40types%2Fnode-12.12.42.tgz",
      "integrity": "sha1-0NEUkza9B1QN0epXZpKCnVdd7DQ=",
      "dev": true
    }
  }
}
