{
  "name": "5-node",
  "lockfileVersion": 2,
  "requires": true,
  "packages": {
    "": {
      "devDependencies": {
        "@types/node": "^14.14.16"
      }
    },
    "node_modules/@types/node": {
      "version": "14.14.16",
      "resolved": "http://registry.m.jd.com/@types/node/download/@types/node-14.14.16.tgz",
      "integrity": "sha1-PMNR+NSBAd6t/tTJ5PEWBI1De0s=",
      "dev": true
    }
  },
  "dependencies": {
    "@types/node": {
      "version": "14.14.16",
      "resolved": "http://registry.m.jd.com/@types/node/download/@types/node-14.14.16.tgz",
      "integrity": "sha1-PMNR+NSBAd6t/tTJ5PEWBI1De0s=",
      "dev": true
    }
  }
}
